
Microsoft Visual Studio Solution File, Format Version 12.00
# Visual Studio Version 17
VisualStudioVersion = 17.10.35004.147
MinimumVisualStudioVersion = 10.0.40219.1
Project("{FAE04EC0-301F-11D3-BF4B-00C04F79EFBC}") = "Advance-3", "Advance-3.csproj", "{AAEF6CF6-38E1-424B-BDC5-30AFB1B6EA0C}"
EndProject
Global
	GlobalSection(SolutionConfigurationPlatforms) = preSolution
		Debug|Any CPU = Debug|Any CPU
		Release|Any CPU = Release|Any CPU
	EndGlobalSection
	GlobalSection(ProjectConfigurationPlatforms) = postSolution
		{AAEF6CF6-38E1-424B-BDC5-30AFB1B6EA0C}.Debug|Any CPU.ActiveCfg = Debug|Any CPU
		{AAEF6CF6-38E1-424B-BDC5-30AFB1B6EA0C}.Debug|Any CPU.Build.0 = Debug|Any CPU
		{AAEF6CF6-38E1-424B-BDC5-30AFB1B6EA0C}.Release|Any CPU.ActiveCfg = Release|Any CPU
		{AAEF6CF6-38E1-424B-BDC5-30AFB1B6EA0C}.Release|Any CPU.Build.0 = Release|Any CPU
	EndGlobalSection
	GlobalSection(SolutionProperties) = preSolution
		HideSolutionNode = FALSE
	EndGlobalSection
	GlobalSection(ExtensibilityGlobals) = postSolution
		SolutionGuid = {72B26FEA-441E-46F6-87B5-B546CE8DE06D}
	EndGlobalSection
EndGlobal
